{
  "name": "Art Gallery Problem",
  "lockfileVersion": 2,
  "requires": true,
  "packages": {
    "": {
      "dependencies": {
        "gjk": "^0.0.1",
        "graham-scan": "^0.0.0"
      }
    },
    "node_modules/gjk": {
      "version": "0.0.1",
      "resolved": "https://registry.npmjs.org/gjk/-/gjk-0.0.1.tgz",
      "integrity": "sha512-kMbUA6oGlwI5qJkN16lHuvkBfuF9cQ+ICMQbcqZUzv6qdJOhDjFnxNw8naA60ft7TCB0EWB4EwWPJaZIe6ybVA==",
      "dependencies": {
        "vector2-node": "0.0.3"
      }
    },
    "node_modules/graham-scan": {
      "version": "0.0.0",
      "resolved": "https://registry.npmjs.org/graham-scan/-/graham-scan-0.0.0.tgz",
      "integrity": "sha512-E6oQ5MqsgsEIHk4fSqGtkjs53YAd9jF6cW58gciliTHL7ZJgXf9OGERhWJoiH3/JGHk9pefMINlOJOXTdePWbg=="
    },
    "node_modules/vector2-node": {
      "version": "0.0.3",
      "resolved": "https://registry.npmjs.org/vector2-node/-/vector2-node-0.0.3.tgz",
      "integrity": "sha512-Pqujox0EtrNidtCqSVxtIbjpH7z7+dbrzl+V2EPyQVH0MtgQk2OkB7aYGmH6MVNelh4sbZ8KHOTWkBXYmyZJPA=="
    }
  },
  "dependencies": {
    "gjk": {
      "version": "0.0.1",
      "resolved": "https://registry.npmjs.org/gjk/-/gjk-0.0.1.tgz",
      "integrity": "sha512-kMbUA6oGlwI5qJkN16lHuvkBfuF9cQ+ICMQbcqZUzv6qdJOhDjFnxNw8naA60ft7TCB0EWB4EwWPJaZIe6ybVA==",
      "requires": {
        "vector2-node": "0.0.3"
      }
    },
    "graham-scan": {
      "version": "0.0.0",
      "resolved": "https://registry.npmjs.org/graham-scan/-/graham-scan-0.0.0.tgz",
      "integrity": "sha512-E6oQ5MqsgsEIHk4fSqGtkjs53YAd9jF6cW58gciliTHL7ZJgXf9OGERhWJoiH3/JGHk9pefMINlOJOXTdePWbg=="
    },
    "vector2-node": {
      "version": "0.0.3",
      "resolved": "https://registry.npmjs.org/vector2-node/-/vector2-node-0.0.3.tgz",
      "integrity": "sha512-Pqujox0EtrNidtCqSVxtIbjpH7z7+dbrzl+V2EPyQVH0MtgQk2OkB7aYGmH6MVNelh4sbZ8KHOTWkBXYmyZJPA=="
    }
  }
}
